
Microsoft Visual Studio Solution File, Format Version 12.00
# Visual Studio Version 16
VisualStudioVersion = 16.0.29025.244
MinimumVisualStudioVersion = 10.0.40219.1
Project("{FAE04EC0-301F-11D3-BF4B-00C04F79EFBC}") = "QuartzDemo01", "QuartzDemo01\QuartzDemo01.csproj", "{303D4E69-FEC9-4F99-BDCB-A2BD2657EA17}"
EndProject
Project("{FAE04EC0-301F-11D3-BF4B-00C04F79EFBC}") = "TaskDemo01", "TaskDemo01\TaskDemo01.csproj", "{977DBABE-3F98-4B1A-9D28-C017F2EBE705}"
EndProject
Project("{FAE04EC0-301F-11D3-BF4B-00C04F79EFBC}") = "CheckCardId", "CheckCardId\CheckCardId.csproj", "{CC0082D9-2A99-491E-B1CF-4D9F34F14115}"
EndProject
Project("{FAE04EC0-301F-11D3-BF4B-00C04F79EFBC}") = "QuartzDemo02", "QuartzDemo02\QuartzDemo02.csproj", "{3C82CA1B-12D2-43BD-BE78-EEE0DC0A38CD}"
EndProject
Global
	GlobalSection(SolutionConfigurationPlatforms) = preSolution
		Debug|Any CPU = Debug|Any CPU
		Release|Any CPU = Release|Any CPU
	EndGlobalSection
	GlobalSection(ProjectConfigurationPlatforms) = postSolution
		{303D4E69-FEC9-4F99-BDCB-A2BD2657EA17}.Debug|Any CPU.ActiveCfg = Debug|Any CPU
		{303D4E69-FEC9-4F99-BDCB-A2BD2657EA17}.Debug|Any CPU.Build.0 = Debug|Any CPU
		{303D4E69-FEC9-4F99-BDCB-A2BD2657EA17}.Release|Any CPU.ActiveCfg = Release|Any CPU
		{303D4E69-FEC9-4F99-BDCB-A2BD2657EA17}.Release|Any CPU.Build.0 = Release|Any CPU
		{977DBABE-3F98-4B1A-9D28-C017F2EBE705}.Debug|Any CPU.ActiveCfg = Debug|Any CPU
		{977DBABE-3F98-4B1A-9D28-C017F2EBE705}.Debug|Any CPU.Build.0 = Debug|Any CPU
		{977DBABE-3F98-4B1A-9D28-C017F2EBE705}.Release|Any CPU.ActiveCfg = Release|Any CPU
		{977DBABE-3F98-4B1A-9D28-C017F2EBE705}.Release|Any CPU.Build.0 = Release|Any CPU
		{CC0082D9-2A99-491E-B1CF-4D9F34F14115}.Debug|Any CPU.ActiveCfg = Debug|Any CPU
		{CC0082D9-2A99-491E-B1CF-4D9F34F14115}.Debug|Any CPU.Build.0 = Debug|Any CPU
		{CC0082D9-2A99-491E-B1CF-4D9F34F14115}.Release|Any CPU.ActiveCfg = Release|Any CPU
		{CC0082D9-2A99-491E-B1CF-4D9F34F14115}.Release|Any CPU.Build.0 = Release|Any CPU
		{3C82CA1B-12D2-43BD-BE78-EEE0DC0A38CD}.Debug|Any CPU.ActiveCfg = Debug|Any CPU
		{3C82CA1B-12D2-43BD-BE78-EEE0DC0A38CD}.Debug|Any CPU.Build.0 = Debug|Any CPU
		{3C82CA1B-12D2-43BD-BE78-EEE0DC0A38CD}.Release|Any CPU.ActiveCfg = Release|Any CPU
		{3C82CA1B-12D2-43BD-BE78-EEE0DC0A38CD}.Release|Any CPU.Build.0 = Release|Any CPU
	EndGlobalSection
	GlobalSection(SolutionProperties) = preSolution
		HideSolutionNode = FALSE
	EndGlobalSection
	GlobalSection(ExtensibilityGlobals) = postSolution
		SolutionGuid = {A6E5437F-011D-4B42-8AFF-15BA8A327F72}
	EndGlobalSection
EndGlobal
