
Microsoft Visual Studio Solution File, Format Version 12.00
# Visual Studio 15
VisualStudioVersion = 15.0.28307.852
MinimumVisualStudioVersion = 10.0.40219.1
Project("{FAE04EC0-301F-11D3-BF4B-00C04F79EFBC}") = "ConsolePrograms", "ConsolePrograms\ConsolePrograms.csproj", "{A30A9889-7FD2-4B6E-A07D-C4BF3A0A0AD6}"
EndProject
Project("{2150E333-8FDC-42A3-9474-1A3956D46DE8}") = "Note", "Note", "{F23E9247-DCB4-4340-976B-5273C6EAE6EE}"
EndProject
Project("{FAE04EC0-301F-11D3-BF4B-00C04F79EFBC}") = "DrugImport", "DrugImport\DrugImport.csproj", "{BAD28641-723A-4E5E-BE2A-E53DC5358AF3}"
EndProject
Project("{FAE04EC0-301F-11D3-BF4B-00C04F79EFBC}") = "EFConsoleDemo", "EFConsoleDemo\EFConsoleDemo.csproj", "{B89ED34C-308E-4655-A158-E1C28DE5FC8F}"
EndProject
Project("{FAE04EC0-301F-11D3-BF4B-00C04F79EFBC}") = "SqlServerEFModel", "SqlServerEFModel\SqlServerEFModel.csproj", "{72773963-F4D7-48AA-B1B1-CDF1665FD99C}"
EndProject
Project("{FAE04EC0-301F-11D3-BF4B-00C04F79EFBC}") = "Type", "Type\Type.csproj", "{30A7EDA7-E8C9-4A64-84D8-6ED6D502C544}"
EndProject
Project("{FAE04EC0-301F-11D3-BF4B-00C04F79EFBC}") = "MadeXml", "MadeXml\MadeXml.csproj", "{AD25644F-9C29-404E-9584-8892307F98B2}"
EndProject
Project("{FAE04EC0-301F-11D3-BF4B-00C04F79EFBC}") = "WebApplicationTest", "WebApplicationTest\WebApplicationTest.csproj", "{9A84B5BC-5415-4676-B83E-4408FA9E65F4}"
EndProject
Global
	GlobalSection(SolutionConfigurationPlatforms) = preSolution
		Debug|Any CPU = Debug|Any CPU
		Release|Any CPU = Release|Any CPU
	EndGlobalSection
	GlobalSection(ProjectConfigurationPlatforms) = postSolution
		{A30A9889-7FD2-4B6E-A07D-C4BF3A0A0AD6}.Debug|Any CPU.ActiveCfg = Debug|Any CPU
		{A30A9889-7FD2-4B6E-A07D-C4BF3A0A0AD6}.Debug|Any CPU.Build.0 = Debug|Any CPU
		{A30A9889-7FD2-4B6E-A07D-C4BF3A0A0AD6}.Release|Any CPU.ActiveCfg = Release|Any CPU
		{A30A9889-7FD2-4B6E-A07D-C4BF3A0A0AD6}.Release|Any CPU.Build.0 = Release|Any CPU
		{BAD28641-723A-4E5E-BE2A-E53DC5358AF3}.Debug|Any CPU.ActiveCfg = Debug|Any CPU
		{BAD28641-723A-4E5E-BE2A-E53DC5358AF3}.Debug|Any CPU.Build.0 = Debug|Any CPU
		{BAD28641-723A-4E5E-BE2A-E53DC5358AF3}.Release|Any CPU.ActiveCfg = Release|Any CPU
		{BAD28641-723A-4E5E-BE2A-E53DC5358AF3}.Release|Any CPU.Build.0 = Release|Any CPU
		{B89ED34C-308E-4655-A158-E1C28DE5FC8F}.Debug|Any CPU.ActiveCfg = Debug|Any CPU
		{B89ED34C-308E-4655-A158-E1C28DE5FC8F}.Debug|Any CPU.Build.0 = Debug|Any CPU
		{B89ED34C-308E-4655-A158-E1C28DE5FC8F}.Release|Any CPU.ActiveCfg = Release|Any CPU
		{B89ED34C-308E-4655-A158-E1C28DE5FC8F}.Release|Any CPU.Build.0 = Release|Any CPU
		{72773963-F4D7-48AA-B1B1-CDF1665FD99C}.Debug|Any CPU.ActiveCfg = Debug|Any CPU
		{72773963-F4D7-48AA-B1B1-CDF1665FD99C}.Debug|Any CPU.Build.0 = Debug|Any CPU
		{72773963-F4D7-48AA-B1B1-CDF1665FD99C}.Release|Any CPU.ActiveCfg = Release|Any CPU
		{72773963-F4D7-48AA-B1B1-CDF1665FD99C}.Release|Any CPU.Build.0 = Release|Any CPU
		{30A7EDA7-E8C9-4A64-84D8-6ED6D502C544}.Debug|Any CPU.ActiveCfg = Debug|Any CPU
		{30A7EDA7-E8C9-4A64-84D8-6ED6D502C544}.Debug|Any CPU.Build.0 = Debug|Any CPU
		{30A7EDA7-E8C9-4A64-84D8-6ED6D502C544}.Release|Any CPU.ActiveCfg = Release|Any CPU
		{30A7EDA7-E8C9-4A64-84D8-6ED6D502C544}.Release|Any CPU.Build.0 = Release|Any CPU
		{AD25644F-9C29-404E-9584-8892307F98B2}.Debug|Any CPU.ActiveCfg = Debug|Any CPU
		{AD25644F-9C29-404E-9584-8892307F98B2}.Debug|Any CPU.Build.0 = Debug|Any CPU
		{AD25644F-9C29-404E-9584-8892307F98B2}.Release|Any CPU.ActiveCfg = Release|Any CPU
		{AD25644F-9C29-404E-9584-8892307F98B2}.Release|Any CPU.Build.0 = Release|Any CPU
		{9A84B5BC-5415-4676-B83E-4408FA9E65F4}.Debug|Any CPU.ActiveCfg = Debug|Any CPU
		{9A84B5BC-5415-4676-B83E-4408FA9E65F4}.Debug|Any CPU.Build.0 = Debug|Any CPU
		{9A84B5BC-5415-4676-B83E-4408FA9E65F4}.Release|Any CPU.ActiveCfg = Release|Any CPU
		{9A84B5BC-5415-4676-B83E-4408FA9E65F4}.Release|Any CPU.Build.0 = Release|Any CPU
	EndGlobalSection
	GlobalSection(SolutionProperties) = preSolution
		HideSolutionNode = FALSE
	EndGlobalSection
	GlobalSection(ExtensibilityGlobals) = postSolution
		SolutionGuid = {E1242B41-43E2-46A5-B157-E00552037759}
	EndGlobalSection
EndGlobal
